
Microsoft Visual Studio Solution File, Format Version 12.00
# Visual Studio 2013
VisualStudioVersion = 12.0.21005.1
MinimumVisualStudioVersion = 10.0.40219.1
Project("{2150E333-8FDC-42A3-9474-1A3956D46DE8}") = "net45", "net45", "{383F35FA-3A1A-45B6-BC0A-DA57043B106A}"
EndProject
Project("{2150E333-8FDC-42A3-9474-1A3956D46DE8}") = "net40", "net40", "{580F5807-89A3-4B85-80BF-4F154C9FAE30}"
EndProject
Project("{FAE04EC0-301F-11D3-BF4B-00C04F79EFBC}") = "Inte.XFramework", "net45\Inte.XFramework\Inte.XFramework.csproj", "{77FAC559-B1F6-4972-814F-9BE09FCAFB1C}"
EndProject
Project("{FAE04EC0-301F-11D3-BF4B-00C04F79EFBC}") = "Inte.XFramework.UnitTest", "net45\Inte.XFramework.UnitTest\Inte.XFramework.UnitTest.csproj", "{27BE7258-6BA9-4D38-B9ED-61729FA5134D}"
EndProject
Project("{FAE04EC0-301F-11D3-BF4B-00C04F79EFBC}") = "Inte.XFramework", "net40\Inte.XFramework\Inte.XFramework.csproj", "{2E5450DF-ED7F-4926-88EE-36F4923AE1F8}"
EndProject
Project("{FAE04EC0-301F-11D3-BF4B-00C04F79EFBC}") = "Inte.XFramework.UnitTest", "net40\Inte.XFramework.UnitTest\Inte.XFramework.UnitTest.csproj", "{26A42A18-0632-4EBA-9A39-CFFA834ECF77}"
EndProject
Global
	GlobalSection(SolutionConfigurationPlatforms) = preSolution
		Debug|Any CPU = Debug|Any CPU
		Release|Any CPU = Release|Any CPU
	EndGlobalSection
	GlobalSection(ProjectConfigurationPlatforms) = postSolution
		{77FAC559-B1F6-4972-814F-9BE09FCAFB1C}.Debug|Any CPU.ActiveCfg = Debug|Any CPU
		{77FAC559-B1F6-4972-814F-9BE09FCAFB1C}.Debug|Any CPU.Build.0 = Debug|Any CPU
		{77FAC559-B1F6-4972-814F-9BE09FCAFB1C}.Release|Any CPU.ActiveCfg = Release|Any CPU
		{77FAC559-B1F6-4972-814F-9BE09FCAFB1C}.Release|Any CPU.Build.0 = Release|Any CPU
		{27BE7258-6BA9-4D38-B9ED-61729FA5134D}.Debug|Any CPU.ActiveCfg = Debug|Any CPU
		{27BE7258-6BA9-4D38-B9ED-61729FA5134D}.Debug|Any CPU.Build.0 = Debug|Any CPU
		{27BE7258-6BA9-4D38-B9ED-61729FA5134D}.Release|Any CPU.ActiveCfg = Release|Any CPU
		{27BE7258-6BA9-4D38-B9ED-61729FA5134D}.Release|Any CPU.Build.0 = Release|Any CPU
		{2E5450DF-ED7F-4926-88EE-36F4923AE1F8}.Debug|Any CPU.ActiveCfg = Debug|Any CPU
		{2E5450DF-ED7F-4926-88EE-36F4923AE1F8}.Debug|Any CPU.Build.0 = Debug|Any CPU
		{2E5450DF-ED7F-4926-88EE-36F4923AE1F8}.Release|Any CPU.ActiveCfg = Release|Any CPU
		{2E5450DF-ED7F-4926-88EE-36F4923AE1F8}.Release|Any CPU.Build.0 = Release|Any CPU
		{26A42A18-0632-4EBA-9A39-CFFA834ECF77}.Debug|Any CPU.ActiveCfg = Debug|Any CPU
		{26A42A18-0632-4EBA-9A39-CFFA834ECF77}.Debug|Any CPU.Build.0 = Debug|Any CPU
		{26A42A18-0632-4EBA-9A39-CFFA834ECF77}.Release|Any CPU.ActiveCfg = Release|Any CPU
		{26A42A18-0632-4EBA-9A39-CFFA834ECF77}.Release|Any CPU.Build.0 = Release|Any CPU
	EndGlobalSection
	GlobalSection(SolutionProperties) = preSolution
		HideSolutionNode = FALSE
	EndGlobalSection
	GlobalSection(NestedProjects) = preSolution
		{77FAC559-B1F6-4972-814F-9BE09FCAFB1C} = {383F35FA-3A1A-45B6-BC0A-DA57043B106A}
		{27BE7258-6BA9-4D38-B9ED-61729FA5134D} = {383F35FA-3A1A-45B6-BC0A-DA57043B106A}
		{2E5450DF-ED7F-4926-88EE-36F4923AE1F8} = {580F5807-89A3-4B85-80BF-4F154C9FAE30}
		{26A42A18-0632-4EBA-9A39-CFFA834ECF77} = {580F5807-89A3-4B85-80BF-4F154C9FAE30}
	EndGlobalSection
EndGlobal
